
Microsoft Visual Studio Solution File, Format Version 12.00
# Visual Studio Version 17
VisualStudioVersion = 17.5.002.0
MinimumVisualStudioVersion = 10.0.40219.1
Project("{2150E333-8FDC-42A3-9474-1A3956D46DE8}") = "csharp-prep", "csharp-prep", "{B3032F5E-FBE3-4800-9504-84BBF9A06446}"
EndProject
Project("{9A19103F-16F7-4668-BE54-9A1E7A4F7556}") = "Prep1", "csharp-prep\Prep1\Prep1.csproj", "{6059443D-68DB-420E-BD14-CBB7FA470F27}"
EndProject
Project("{9A19103F-16F7-4668-BE54-9A1E7A4F7556}") = "Prep2", "csharp-prep\Prep2\Prep2.csproj", "{6D26D556-DC84-4BE7-ABEA-0D2976820FEB}"
EndProject
Project("{9A19103F-16F7-4668-BE54-9A1E7A4F7556}") = "Prep3", "csharp-prep\Prep3\Prep3.csproj", "{BC32DE0B-BB16-479F-A2F9-DB5BBAD7F9B7}"
EndProject
Project("{9A19103F-16F7-4668-BE54-9A1E7A4F7556}") = "Prep4", "csharp-prep\Prep4\Prep4.csproj", "{4AE769BC-877C-4FAD-8EDD-439B4399DF9F}"
EndProject
Project("{9A19103F-16F7-4668-BE54-9A1E7A4F7556}") = "Prep5", "csharp-prep\Prep5\Prep5.csproj", "{8A9B428F-8CB7-4A4C-904B-E4A22BD389A2}"
EndProject
Project("{2150E333-8FDC-42A3-9474-1A3956D46DE8}") = "final", "final", "{D9934041-E1DC-4C7F-85F0-AD0E6DEC9663}"
EndProject
Project("{9A19103F-16F7-4668-BE54-9A1E7A4F7556}") = "FinalProject", "final\FinalProject\FinalProject.csproj", "{FF0C0B32-0CDF-4CA2-9778-19B59326A21D}"
EndProject
Project("{9A19103F-16F7-4668-BE54-9A1E7A4F7556}") = "Foundation1", "final\Foundation1\Foundation1.csproj", "{6B9CC701-8107-4D9D-A721-8B5594613C6B}"
EndProject
Project("{9A19103F-16F7-4668-BE54-9A1E7A4F7556}") = "Foundation2", "final\Foundation2\Foundation2.csproj", "{5CC491F2-5F7D-4A30-B935-E68DD6BB38FB}"
EndProject
Project("{9A19103F-16F7-4668-BE54-9A1E7A4F7556}") = "Foundation3", "final\Foundation3\Foundation3.csproj", "{2C4FC44D-840E-4ABC-BF32-C57250039679}"
EndProject
Project("{9A19103F-16F7-4668-BE54-9A1E7A4F7556}") = "Foundation4", "final\Foundation4\Foundation4.csproj", "{BE7200D4-A136-4BED-895C-6EEE93C4F880}"
EndProject
Project("{2150E333-8FDC-42A3-9474-1A3956D46DE8}") = "prepare", "prepare", "{BD0EBFAE-C343-4F4A-B3A9-5C59266416BC}"
EndProject
Project("{9A19103F-16F7-4668-BE54-9A1E7A4F7556}") = "Learning02", "prepare\Learning02\Learning02.csproj", "{C4A9382D-740A-4CB9-80E9-8A1D4C7FA1C7}"
EndProject
Project("{9A19103F-16F7-4668-BE54-9A1E7A4F7556}") = "Learning03", "prepare\Learning03\Learning03.csproj", "{FBD19E4F-4EB5-4620-A670-DD53110CF452}"
EndProject
Project("{9A19103F-16F7-4668-BE54-9A1E7A4F7556}") = "Learning04", "prepare\Learning04\Learning04.csproj", "{5A15FE19-B4D9-45D6-AD83-899EC6B22286}"
EndProject
Project("{9A19103F-16F7-4668-BE54-9A1E7A4F7556}") = "Learning05", "prepare\Learning05\Learning05.csproj", "{B988E22B-901B-46D5-B6CD-0FD63C5FB2DF}"
EndProject
Project("{2150E333-8FDC-42A3-9474-1A3956D46DE8}") = "prove", "prove", "{81D93D58-D566-42F3-A9A2-6663605C1D05}"
EndProject
Project("{9A19103F-16F7-4668-BE54-9A1E7A4F7556}") = "Develop02", "prove\Develop02\Develop02.csproj", "{142E0559-8739-4CD9-9E6B-63D92AE27615}"
EndProject
Project("{9A19103F-16F7-4668-BE54-9A1E7A4F7556}") = "Develop03", "prove\Develop03\Develop03.csproj", "{4AE3E5C2-4671-4C86-8C8F-5F6AEEE0B577}"
EndProject
Project("{9A19103F-16F7-4668-BE54-9A1E7A4F7556}") = "Develop04", "prove\Develop04\Develop04.csproj", "{3EB7EB95-A210-4769-8472-2D6487C25B9C}"
EndProject
Project("{9A19103F-16F7-4668-BE54-9A1E7A4F7556}") = "Develop05", "prove\Develop05\Develop05.csproj", "{4D25A85D-25EC-40CA-A05F-33C2E84FFA19}"
EndProject
Project("{2150E333-8FDC-42A3-9474-1A3956D46DE8}") = "sandbox", "sandbox", "{5289D086-53C2-4608-913A-5D92F5744B31}"
EndProject
Project("{9A19103F-16F7-4668-BE54-9A1E7A4F7556}") = "Sandbox", "sandbox\Sandbox\Sandbox.csproj", "{0C38F680-CE33-4319-87D9-C1E912C25E60}"
EndProject
Global
	GlobalSection(SolutionConfigurationPlatforms) = preSolution
		Debug|Any CPU = Debug|Any CPU
		Release|Any CPU = Release|Any CPU
	EndGlobalSection
	GlobalSection(ProjectConfigurationPlatforms) = postSolution
		{6059443D-68DB-420E-BD14-CBB7FA470F27}.Debug|Any CPU.ActiveCfg = Debug|Any CPU
		{6059443D-68DB-420E-BD14-CBB7FA470F27}.Debug|Any CPU.Build.0 = Debug|Any CPU
		{6059443D-68DB-420E-BD14-CBB7FA470F27}.Release|Any CPU.ActiveCfg = Release|Any CPU
		{6059443D-68DB-420E-BD14-CBB7FA470F27}.Release|Any CPU.Build.0 = Release|Any CPU
		{6D26D556-DC84-4BE7-ABEA-0D2976820FEB}.Debug|Any CPU.ActiveCfg = Debug|Any CPU
		{6D26D556-DC84-4BE7-ABEA-0D2976820FEB}.Debug|Any CPU.Build.0 = Debug|Any CPU
		{6D26D556-DC84-4BE7-ABEA-0D2976820FEB}.Release|Any CPU.ActiveCfg = Release|Any CPU
		{6D26D556-DC84-4BE7-ABEA-0D2976820FEB}.Release|Any CPU.Build.0 = Release|Any CPU
		{BC32DE0B-BB16-479F-A2F9-DB5BBAD7F9B7}.Debug|Any CPU.ActiveCfg = Debug|Any CPU
		{BC32DE0B-BB16-479F-A2F9-DB5BBAD7F9B7}.Debug|Any CPU.Build.0 = Debug|Any CPU
		{BC32DE0B-BB16-479F-A2F9-DB5BBAD7F9B7}.Release|Any CPU.ActiveCfg = Release|Any CPU
		{BC32DE0B-BB16-479F-A2F9-DB5BBAD7F9B7}.Release|Any CPU.Build.0 = Release|Any CPU
		{4AE769BC-877C-4FAD-8EDD-439B4399DF9F}.Debug|Any CPU.ActiveCfg = Debug|Any CPU
		{4AE769BC-877C-4FAD-8EDD-439B4399DF9F}.Debug|Any CPU.Build.0 = Debug|Any CPU
		{4AE769BC-877C-4FAD-8EDD-439B4399DF9F}.Release|Any CPU.ActiveCfg = Release|Any CPU
		{4AE769BC-877C-4FAD-8EDD-439B4399DF9F}.Release|Any CPU.Build.0 = Release|Any CPU
		{8A9B428F-8CB7-4A4C-904B-E4A22BD389A2}.Debug|Any CPU.ActiveCfg = Debug|Any CPU
		{8A9B428F-8CB7-4A4C-904B-E4A22BD389A2}.Debug|Any CPU.Build.0 = Debug|Any CPU
		{8A9B428F-8CB7-4A4C-904B-E4A22BD389A2}.Release|Any CPU.ActiveCfg = Release|Any CPU
		{8A9B428F-8CB7-4A4C-904B-E4A22BD389A2}.Release|Any CPU.Build.0 = Release|Any CPU
		{FF0C0B32-0CDF-4CA2-9778-19B59326A21D}.Debug|Any CPU.ActiveCfg = Debug|Any CPU
		{FF0C0B32-0CDF-4CA2-9778-19B59326A21D}.Debug|Any CPU.Build.0 = Debug|Any CPU
		{FF0C0B32-0CDF-4CA2-9778-19B59326A21D}.Release|Any CPU.ActiveCfg = Release|Any CPU
		{FF0C0B32-0CDF-4CA2-9778-19B59326A21D}.Release|Any CPU.Build.0 = Release|Any CPU
		{6B9CC701-8107-4D9D-A721-8B5594613C6B}.Debug|Any CPU.ActiveCfg = Debug|Any CPU
		{6B9CC701-8107-4D9D-A721-8B5594613C6B}.Debug|Any CPU.Build.0 = Debug|Any CPU
		{6B9CC701-8107-4D9D-A721-8B5594613C6B}.Release|Any CPU.ActiveCfg = Release|Any CPU
		{6B9CC701-8107-4D9D-A721-8B5594613C6B}.Release|Any CPU.Build.0 = Release|Any CPU
		{5CC491F2-5F7D-4A30-B935-E68DD6BB38FB}.Debug|Any CPU.ActiveCfg = Debug|Any CPU
		{5CC491F2-5F7D-4A30-B935-E68DD6BB38FB}.Debug|Any CPU.Build.0 = Debug|Any CPU
		{5CC491F2-5F7D-4A30-B935-E68DD6BB38FB}.Release|Any CPU.ActiveCfg = Release|Any CPU
		{5CC491F2-5F7D-4A30-B935-E68DD6BB38FB}.Release|Any CPU.Build.0 = Release|Any CPU
		{2C4FC44D-840E-4ABC-BF32-C57250039679}.Debug|Any CPU.ActiveCfg = Debug|Any CPU
		{2C4FC44D-840E-4ABC-BF32-C57250039679}.Debug|Any CPU.Build.0 = Debug|Any CPU
		{2C4FC44D-840E-4ABC-BF32-C57250039679}.Release|Any CPU.ActiveCfg = Release|Any CPU
		{2C4FC44D-840E-4ABC-BF32-C57250039679}.Release|Any CPU.Build.0 = Release|Any CPU
		{BE7200D4-A136-4BED-895C-6EEE93C4F880}.Debug|Any CPU.ActiveCfg = Debug|Any CPU
		{BE7200D4-A136-4BED-895C-6EEE93C4F880}.Debug|Any CPU.Build.0 = Debug|Any CPU
		{BE7200D4-A136-4BED-895C-6EEE93C4F880}.Release|Any CPU.ActiveCfg = Release|Any CPU
		{BE7200D4-A136-4BED-895C-6EEE93C4F880}.Release|Any CPU.Build.0 = Release|Any CPU
		{C4A9382D-740A-4CB9-80E9-8A1D4C7FA1C7}.Debug|Any CPU.ActiveCfg = Debug|Any CPU
		{C4A9382D-740A-4CB9-80E9-8A1D4C7FA1C7}.Debug|Any CPU.Build.0 = Debug|Any CPU
		{C4A9382D-740A-4CB9-80E9-8A1D4C7FA1C7}.Release|Any CPU.ActiveCfg = Release|Any CPU
		{C4A9382D-740A-4CB9-80E9-8A1D4C7FA1C7}.Release|Any CPU.Build.0 = Release|Any CPU
		{FBD19E4F-4EB5-4620-A670-DD53110CF452}.Debug|Any CPU.ActiveCfg = Debug|Any CPU
		{FBD19E4F-4EB5-4620-A670-DD53110CF452}.Debug|Any CPU.Build.0 = Debug|Any CPU
		{FBD19E4F-4EB5-4620-A670-DD53110CF452}.Release|Any CPU.ActiveCfg = Release|Any CPU
		{FBD19E4F-4EB5-4620-A670-DD53110CF452}.Release|Any CPU.Build.0 = Release|Any CPU
		{5A15FE19-B4D9-45D6-AD83-899EC6B22286}.Debug|Any CPU.ActiveCfg = Debug|Any CPU
		{5A15FE19-B4D9-45D6-AD83-899EC6B22286}.Debug|Any CPU.Build.0 = Debug|Any CPU
		{5A15FE19-B4D9-45D6-AD83-899EC6B22286}.Release|Any CPU.ActiveCfg = Release|Any CPU
		{5A15FE19-B4D9-45D6-AD83-899EC6B22286}.Release|Any CPU.Build.0 = Release|Any CPU
		{B988E22B-901B-46D5-B6CD-0FD63C5FB2DF}.Debug|Any CPU.ActiveCfg = Debug|Any CPU
		{B988E22B-901B-46D5-B6CD-0FD63C5FB2DF}.Debug|Any CPU.Build.0 = Debug|Any CPU
		{B988E22B-901B-46D5-B6CD-0FD63C5FB2DF}.Release|Any CPU.ActiveCfg = Release|Any CPU
		{B988E22B-901B-46D5-B6CD-0FD63C5FB2DF}.Release|Any CPU.Build.0 = Release|Any CPU
		{142E0559-8739-4CD9-9E6B-63D92AE27615}.Debug|Any CPU.ActiveCfg = Debug|Any CPU
		{142E0559-8739-4CD9-9E6B-63D92AE27615}.Debug|Any CPU.Build.0 = Debug|Any CPU
		{142E0559-8739-4CD9-9E6B-63D92AE27615}.Release|Any CPU.ActiveCfg = Release|Any CPU
		{142E0559-8739-4CD9-9E6B-63D92AE27615}.Release|Any CPU.Build.0 = Release|Any CPU
		{4AE3E5C2-4671-4C86-8C8F-5F6AEEE0B577}.Debug|Any CPU.ActiveCfg = Debug|Any CPU
		{4AE3E5C2-4671-4C86-8C8F-5F6AEEE0B577}.Debug|Any CPU.Build.0 = Debug|Any CPU
		{4AE3E5C2-4671-4C86-8C8F-5F6AEEE0B577}.Release|Any CPU.ActiveCfg = Release|Any CPU
		{4AE3E5C2-4671-4C86-8C8F-5F6AEEE0B577}.Release|Any CPU.Build.0 = Release|Any CPU
		{3EB7EB95-A210-4769-8472-2D6487C25B9C}.Debug|Any CPU.ActiveCfg = Debug|Any CPU
		{3EB7EB95-A210-4769-8472-2D6487C25B9C}.Debug|Any CPU.Build.0 = Debug|Any CPU
		{3EB7EB95-A210-4769-8472-2D6487C25B9C}.Release|Any CPU.ActiveCfg = Release|Any CPU
		{3EB7EB95-A210-4769-8472-2D6487C25B9C}.Release|Any CPU.Build.0 = Release|Any CPU
		{4D25A85D-25EC-40CA-A05F-33C2E84FFA19}.Debug|Any CPU.ActiveCfg = Debug|Any CPU
		{4D25A85D-25EC-40CA-A05F-33C2E84FFA19}.Debug|Any CPU.Build.0 = Debug|Any CPU
		{4D25A85D-25EC-40CA-A05F-33C2E84FFA19}.Release|Any CPU.ActiveCfg = Release|Any CPU
		{4D25A85D-25EC-40CA-A05F-33C2E84FFA19}.Release|Any CPU.Build.0 = Release|Any CPU
		{0C38F680-CE33-4319-87D9-C1E912C25E60}.Debug|Any CPU.ActiveCfg = Debug|Any CPU
		{0C38F680-CE33-4319-87D9-C1E912C25E60}.Debug|Any CPU.Build.0 = Debug|Any CPU
		{0C38F680-CE33-4319-87D9-C1E912C25E60}.Release|Any CPU.ActiveCfg = Release|Any CPU
		{0C38F680-CE33-4319-87D9-C1E912C25E60}.Release|Any CPU.Build.0 = Release|Any CPU
	EndGlobalSection
	GlobalSection(SolutionProperties) = preSolution
		HideSolutionNode = FALSE
	EndGlobalSection
	GlobalSection(NestedProjects) = preSolution
		{6059443D-68DB-420E-BD14-CBB7FA470F27} = {B3032F5E-FBE3-4800-9504-84BBF9A06446}
		{6D26D556-DC84-4BE7-ABEA-0D2976820FEB} = {B3032F5E-FBE3-4800-9504-84BBF9A06446}
		{BC32DE0B-BB16-479F-A2F9-DB5BBAD7F9B7} = {B3032F5E-FBE3-4800-9504-84BBF9A06446}
		{4AE769BC-877C-4FAD-8EDD-439B4399DF9F} = {B3032F5E-FBE3-4800-9504-84BBF9A06446}
		{8A9B428F-8CB7-4A4C-904B-E4A22BD389A2} = {B3032F5E-FBE3-4800-9504-84BBF9A06446}
		{FF0C0B32-0CDF-4CA2-9778-19B59326A21D} = {D9934041-E1DC-4C7F-85F0-AD0E6DEC9663}
		{6B9CC701-8107-4D9D-A721-8B5594613C6B} = {D9934041-E1DC-4C7F-85F0-AD0E6DEC9663}
		{5CC491F2-5F7D-4A30-B935-E68DD6BB38FB} = {D9934041-E1DC-4C7F-85F0-AD0E6DEC9663}
		{2C4FC44D-840E-4ABC-BF32-C57250039679} = {D9934041-E1DC-4C7F-85F0-AD0E6DEC9663}
		{BE7200D4-A136-4BED-895C-6EEE93C4F880} = {D9934041-E1DC-4C7F-85F0-AD0E6DEC9663}
		{C4A9382D-740A-4CB9-80E9-8A1D4C7FA1C7} = {BD0EBFAE-C343-4F4A-B3A9-5C59266416BC}
		{FBD19E4F-4EB5-4620-A670-DD53110CF452} = {BD0EBFAE-C343-4F4A-B3A9-5C59266416BC}
		{5A15FE19-B4D9-45D6-AD83-899EC6B22286} = {BD0EBFAE-C343-4F4A-B3A9-5C59266416BC}
		{B988E22B-901B-46D5-B6CD-0FD63C5FB2DF} = {BD0EBFAE-C343-4F4A-B3A9-5C59266416BC}
		{142E0559-8739-4CD9-9E6B-63D92AE27615} = {81D93D58-D566-42F3-A9A2-6663605C1D05}
		{4AE3E5C2-4671-4C86-8C8F-5F6AEEE0B577} = {81D93D58-D566-42F3-A9A2-6663605C1D05}
		{3EB7EB95-A210-4769-8472-2D6487C25B9C} = {81D93D58-D566-42F3-A9A2-6663605C1D05}
		{4D25A85D-25EC-40CA-A05F-33C2E84FFA19} = {81D93D58-D566-42F3-A9A2-6663605C1D05}
		{0C38F680-CE33-4319-87D9-C1E912C25E60} = {5289D086-53C2-4608-913A-5D92F5744B31}
	EndGlobalSection
	GlobalSection(ExtensibilityGlobals) = postSolution
		SolutionGuid = {929961E7-629F-4AAC-AAC5-B019EC0C1570}
	EndGlobalSection
EndGlobal
